
Microsoft Visual Studio Solution File, Format Version 12.00
# Visual Studio Version 16
VisualStudioVersion = 16.0.30907.101
MinimumVisualStudioVersion = 10.0.40219.1
Project("{FAE04EC0-301F-11D3-BF4B-00C04F79EFBC}") = "SQLAssignFeb1", "SQLAssignFeb1\SQLAssignFeb1.csproj", "{4D2F27D6-5F83-45BC-956E-4E51E471A90E}"
EndProject
Global
	GlobalSection(SolutionConfigurationPlatforms) = preSolution
		Debug|Any CPU = Debug|Any CPU
		Release|Any CPU = Release|Any CPU
	EndGlobalSection
	GlobalSection(ProjectConfigurationPlatforms) = postSolution
		{4D2F27D6-5F83-45BC-956E-4E51E471A90E}.Debug|Any CPU.ActiveCfg = Debug|Any CPU
		{4D2F27D6-5F83-45BC-956E-4E51E471A90E}.Debug|Any CPU.Build.0 = Debug|Any CPU
		{4D2F27D6-5F83-45BC-956E-4E51E471A90E}.Release|Any CPU.ActiveCfg = Release|Any CPU
		{4D2F27D6-5F83-45BC-956E-4E51E471A90E}.Release|Any CPU.Build.0 = Release|Any CPU
	EndGlobalSection
	GlobalSection(SolutionProperties) = preSolution
		HideSolutionNode = FALSE
	EndGlobalSection
	GlobalSection(ExtensibilityGlobals) = postSolution
		SolutionGuid = {819D141A-00B3-44AD-AF8D-BE79096FEAC2}
	EndGlobalSection
EndGlobal
